// !$*UTF8*$!
{
	archiveVersion = 1;
	classes = {
	};
	objectVersion = 55;
	objects = {

/* Begin PBXBuildFile section */
		AA228E36283F9EE3003739F9 /* AppDelegate.swift in Sources */ = {isa = PBXBuildFile; fileRef = AA228E35283F9EE3003739F9 /* AppDelegate.swift */; };
		AA228E38283F9EE3003739F9 /* SceneDelegate.swift in Sources */ = {isa = PBXBuildFile; fileRef = AA228E37283F9EE3003739F9 /* SceneDelegate.swift */; };
		AA228E3A283F9EE3003739F9 /* ViewController.swift in Sources */ = {isa = PBXBuildFile; fileRef = AA228E39283F9EE3003739F9 /* ViewController.swift */; };
		AA228E3D283F9EE3003739F9 /* Main.storyboard in Resources */ = {isa = PBXBuildFile; fileRef = AA228E3B283F9EE3003739F9 /* Main.storyboard */; };
		AA228E3F283F9EE4003739F9 /* Assets.xcassets in Resources */ = {isa = PBXBuildFile; fileRef = AA228E3E283F9EE4003739F9 /* Assets.xcassets */; };
		AA228E42283F9EE4003739F9 /* LaunchScreen.storyboard in Resources */ = {isa = PBXBuildFile; fileRef = AA228E40283F9EE4003739F9 /* LaunchScreen.storyboard */; };
		AA228E4D283F9EE4003739F9 /* TextAreaTests.swift in Sources */ = {isa = PBXBuildFile; fileRef = AA228E4C283F9EE4003739F9 /* TextAreaTests.swift */; };
		AA228E57283F9EE4003739F9 /* TextAreaUITests.swift in Sources */ = {isa = PBXBuildFile; fileRef = AA228E56283F9EE4003739F9 /* TextAreaUITests.swift */; };
		AA228E59283F9EE4003739F9 /* TextAreaUITestsLaunchTests.swift in Sources */ = {isa = PBXBuildFile; fileRef = AA228E58283F9EE4003739F9 /* TextAreaUITestsLaunchTests.swift */; };
/* End PBXBuildFile section */

/* Begin PBXContainerItemProxy section */
		AA228E49283F9EE4003739F9 /* PBXContainerItemProxy */ = {
			isa = PBXContainerItemProxy;
			containerPortal = AA228E2A283F9EE3003739F9 /* Project object */;
			proxyType = 1;
			remoteGlobalIDString = AA228E31283F9EE3003739F9;
			remoteInfo = TextArea;
		};
		AA228E53283F9EE4003739F9 /* PBXContainerItemProxy */ = {
			isa = PBXContainerItemProxy;
			containerPortal = AA228E2A283F9EE3003739F9 /* Project object */;
			proxyType = 1;
			remoteGlobalIDString = AA228E31283F9EE3003739F9;
			remoteInfo = TextArea;
		};
/* End PBXContainerItemProxy section */

/* Begin PBXFileReference section */
		AA228E32283F9EE3003739F9 /* TextArea.app */ = {isa = PBXFileReference; explicitFileType = wrapper.application; includeInIndex = 0; path = TextArea.app; sourceTree = BUILT_PRODUCTS_DIR; };
		AA228E35283F9EE3003739F9 /* AppDelegate.swift */ = {isa = PBXFileReference; lastKnownFileType = sourcecode.swift; path = AppDelegate.swift; sourceTree = "<group>"; };
		AA228E37283F9EE3003739F9 /* SceneDelegate.swift */ = {isa = PBXFileReference; lastKnownFileType = sourcecode.swift; path = SceneDelegate.swift; sourceTree = "<group>"; };
		AA228E39283F9EE3003739F9 /* ViewController.swift */ = {isa = PBXFileReference; lastKnownFileType = sourcecode.swift; path = ViewController.swift; sourceTree = "<group>"; };
		AA228E3C283F9EE3003739F9 /* Base */ = {isa = PBXFileReference; lastKnownFileType = file.storyboard; name = Base; path = Base.lproj/Main.storyboard; sourceTree = "<group>"; };
		AA228E3E283F9EE4003739F9 /* Assets.xcassets */ = {isa = PBXFileReference; lastKnownFileType = folder.assetcatalog; path = Assets.xcassets; sourceTree = "<group>"; };
		AA228E41283F9EE4003739F9 /* Base */ = {isa = PBXFileReference; lastKnownFileType = file.storyboard; name = Base; path = Base.lproj/LaunchScreen.storyboard; sourceTree = "<group>"; };
		AA228E43283F9EE4003739F9 /* Info.plist */ = {isa = PBXFileReference; lastKnownFileType = text.plist.xml; path = Info.plist; sourceTree = "<group>"; };
		AA228E48283F9EE4003739F9 /* TextAreaTests.xctest */ = {isa = PBXFileReference; explicitFileType = wrapper.cfbundle; includeInIndex = 0; path = TextAreaTests.xctest; sourceTree = BUILT_PRODUCTS_DIR; };
		AA228E4C283F9EE4003739F9 /* TextAreaTests.swift */ = {isa = PBXFileReference; lastKnownFileType = sourcecode.swift; path = TextAreaTests.swift; sourceTree = "<group>"; };
		AA228E52283F9EE4003739F9 /* TextAreaUITests.xctest */ = {isa = PBXFileReference; explicitFileType = wrapper.cfbundle; includeInIndex = 0; path = TextAreaUITests.xctest; sourceTree = BUILT_PRODUCTS_DIR; };
		AA228E56283F9EE4003739F9 /* TextAreaUITests.swift */ = {isa = PBXFileReference; lastKnownFileType = sourcecode.swift; path = TextAreaUITests.swift; sourceTree = "<group>"; };
		AA228E58283F9EE4003739F9 /* TextAreaUITestsLaunchTests.swift */ = {isa = PBXFileReference; lastKnownFileType = sourcecode.swift; path = TextAreaUITestsLaunchTests.swift; sourceTree = "<group>"; };
/* End PBXFileReference section */

/* Begin PBXFrameworksBuildPhase section */
		AA228E2F283F9EE3003739F9 /* Frameworks */ = {
			isa = PBXFrameworksBuildPhase;
			buildActionMask = 2147483647;
			files = (
			);
			runOnlyForDeploymentPostprocessing = 0;
		};
		AA228E45283F9EE4003739F9 /* Frameworks */ = {
			isa = PBXFrameworksBuildPhase;
			buildActionMask = 2147483647;
			files = (
			);
			runOnlyForDeploymentPostprocessing = 0;
		};
		AA228E4F283F9EE4003739F9 /* Frameworks */ = {
			isa = PBXFrameworksBuildPhase;
			buildActionMask = 2147483647;
			files = (
			);
			runOnlyForDeploymentPostprocessing = 0;
		};
/* End PBXFrameworksBuildPhase section */

/* Begin PBXGroup section */
		AA228E29283F9EE3003739F9 = {
			isa = PBXGroup;
			children = (
				AA228E34283F9EE3003739F9 /* TextArea */,
				AA228E4B283F9EE4003739F9 /* TextAreaTests */,
				AA228E55283F9EE4003739F9 /* TextAreaUITests */,
				AA228E33283F9EE3003739F9 /* Products */,
			);
			sourceTree = "<group>";
		};
		AA228E33283F9EE3003739F9 /* Products */ = {
			isa = PBXGroup;
			children = (
				AA228E32283F9EE3003739F9 /* TextArea.app */,
				AA228E48283F9EE4003739F9 /* TextAreaTests.xctest */,
				AA228E52283F9EE4003739F9 /* TextAreaUITests.xctest */,
			);
			name = Products;
			sourceTree = "<group>";
		};
		AA228E34283F9EE3003739F9 /* TextArea */ = {
			isa = PBXGroup;
			children = (
				AA228E35283F9EE3003739F9 /* AppDelegate.swift */,
				AA228E37283F9EE3003739F9 /* SceneDelegate.swift */,
				AA228E39283F9EE3003739F9 /* ViewController.swift */,
				AA228E3B283F9EE3003739F9 /* Main.storyboard */,
				AA228E3E283F9EE4003739F9 /* Assets.xcassets */,
				AA228E40283F9EE4003739F9 /* LaunchScreen.storyboard */,
				AA228E43283F9EE4003739F9 /* Info.plist */,
			);
			path = TextArea;
			sourceTree = "<group>";
		};
		AA228E4B283F9EE4003739F9 /* TextAreaTests */ = {
			isa = PBXGroup;
			children = (
				AA228E4C283F9EE4003739F9 /* TextAreaTests.swift */,
			);
			path = TextAreaTests;
			sourceTree = "<group>";
		};
		AA228E55283F9EE4003739F9 /* TextAreaUITests */ = {
			isa = PBXGroup;
			children = (
				AA228E56283F9EE4003739F9 /* TextAreaUITests.swift */,
				AA228E58283F9EE4003739F9 /* TextAreaUITestsLaunchTests.swift */,
			);
			path = TextAreaUITests;
			sourceTree = "<group>";
		};
/* End PBXGroup section */

/* Begin PBXNativeTarget section */
		AA228E31283F9EE3003739F9 /* TextArea */ = {
			isa = PBXNativeTarget;
			buildConfigurationList = AA228E5C283F9EE4003739F9 /* Build configuration list for PBXNativeTarget "TextArea" */;
			buildPhases = (
				AA228E2E283F9EE3003739F9 /* Sources */,
				AA228E2F283F9EE3003739F9 /* Frameworks */,
				AA228E30283F9EE3003739F9 /* Resources */,
			);
			buildRules = (
			);
			dependencies = (
			);
			name = TextArea;
			productName = TextArea;
			productReference = AA228E32283F9EE3003739F9 /* TextArea.app */;
			productType = "com.apple.product-type.application";
		};
		AA228E47283F9EE4003739F9 /* TextAreaTests */ = {
			isa = PBXNativeTarget;
			buildConfigurationList = AA228E5F283F9EE4003739F9 /* Build configuration list for PBXNativeTarget "TextAreaTests" */;
			buildPhases = (
				AA228E44283F9EE4003739F9 /* Sources */,
				AA228E45283F9EE4003739F9 /* Frameworks */,
				AA228E46283F9EE4003739F9 /* Resources */,
			);
			buildRules = (
			);
			dependencies = (
				AA228E4A283F9EE4003739F9 /* PBXTargetDependency */,
			);
			name = TextAreaTests;
			productName = TextAreaTests;
			productReference = AA228E48283F9EE4003739F9 /* TextAreaTests.xctest */;
			productType = "com.apple.product-type.bundle.unit-test";
		};
		AA228E51283F9EE4003739F9 /* TextAreaUITests */ = {
			isa = PBXNativeTarget;
			buildConfigurationList = AA228E62283F9EE4003739F9 /* Build configuration list for PBXNativeTarget "TextAreaUITests" */;
			buildPhases = (
				AA228E4E283F9EE4003739F9 /* Sources */,
				AA228E4F283F9EE4003739F9 /* Frameworks */,
				AA228E50283F9EE4003739F9 /* Resources */,
			);
			buildRules = (
			);
			dependencies = (
				AA228E54283F9EE4003739F9 /* PBXTargetDependency */,
			);
			name = TextAreaUITests;
			productName = TextAreaUITests;
			productReference = AA228E52283F9EE4003739F9 /* TextAreaUITests.xctest */;
			productType = "com.apple.product-type.bundle.ui-testing";
		};
/* End PBXNativeTarget section */

/* Begin PBXProject section */
		AA228E2A283F9EE3003739F9 /* Project object */ = {
			isa = PBXProject;
			attributes = {
				BuildIndependentTargetsInParallel = 1;
				LastSwiftUpdateCheck = 1330;
				LastUpgradeCheck = 1330;
				TargetAttributes = {
					AA228E31283F9EE3003739F9 = {
						CreatedOnToolsVersion = 13.3;
					};
					AA228E47283F9EE4003739F9 = {
						CreatedOnToolsVersion = 13.3;
						TestTargetID = AA228E31283F9EE3003739F9;
					};
					AA228E51283F9EE4003739F9 = {
						CreatedOnToolsVersion = 13.3;
						TestTargetID = AA228E31283F9EE3003739F9;
					};
				};
			};
			buildConfigurationList = AA228E2D283F9EE3003739F9 /* Build configuration list for PBXProject "TextArea" */;
			compatibilityVersion = "Xcode 13.0";
			developmentRegion = en;
			hasScannedForEncodings = 0;
			knownRegions = (
				en,
				Base,
			);
			mainGroup = AA228E29283F9EE3003739F9;
			productRefGroup = AA228E33283F9EE3003739F9 /* Products */;
			projectDirPath = "";
			projectRoot = "";
			targets = (
				AA228E31283F9EE3003739F9 /* TextArea */,
				AA228E47283F9EE4003739F9 /* TextAreaTests */,
				AA228E51283F9EE4003739F9 /* TextAreaUITests */,
			);
		};
/* End PBXProject section */

/* Begin PBXResourcesBuildPhase section */
		AA228E30283F9EE3003739F9 /* Resources */ = {
			isa = PBXResourcesBuildPhase;
			buildActionMask = 2147483647;
			files = (
				AA228E42283F9EE4003739F9 /* LaunchScreen.storyboard in Resources */,
				AA228E3F283F9EE4003739F9 /* Assets.xcassets in Resources */,
				AA228E3D283F9EE3003739F9 /* Main.storyboard in Resources */,
			);
			runOnlyForDeploymentPostprocessing = 0;
		};
		AA228E46283F9EE4003739F9 /* Resources */ = {
			isa = PBXResourcesBuildPhase;
			buildActionMask = 2147483647;
			files = (
			);
			runOnlyForDeploymentPostprocessing = 0;
		};
		AA228E50283F9EE4003739F9 /* Resources */ = {
			isa = PBXResourcesBuildPhase;
			buildActionMask = 2147483647;
			files = (
			);
			runOnlyForDeploymentPostprocessing = 0;
		};
/* End PBXResourcesBuildPhase section */

/* Begin PBXSourcesBuildPhase section */
		AA228E2E283F9EE3003739F9 /* Sources */ = {
			isa = PBXSourcesBuildPhase;
			buildActionMask = 2147483647;
			files = (
				AA228E3A283F9EE3003739F9 /* ViewController.swift in Sources */,
				AA228E36283F9EE3003739F9 /* AppDelegate.swift in Sources */,
				AA228E38283F9EE3003739F9 /* SceneDelegate.swift in Sources */,
			);
			runOnlyForDeploymentPostprocessing = 0;
		};
		AA228E44283F9EE4003739F9 /* Sources */ = {
			isa = PBXSourcesBuildPhase;
			buildActionMask = 2147483647;
			files = (
				AA228E4D283F9EE4003739F9 /* TextAreaTests.swift in Sources */,
			);
			runOnlyForDeploymentPostprocessing = 0;
		};
		AA228E4E283F9EE4003739F9 /* Sources */ = {
			isa = PBXSourcesBuildPhase;
			buildActionMask = 2147483647;
			files = (
				AA228E59283F9EE4003739F9 /* TextAreaUITestsLaunchTests.swift in Sources */,
				AA228E57283F9EE4003739F9 /* TextAreaUITests.swift in Sources */,
			);
			runOnlyForDeploymentPostprocessing = 0;
		};
/* End PBXSourcesBuildPhase section */

/* Begin PBXTargetDependency section */
		AA228E4A283F9EE4003739F9 /* PBXTargetDependency */ = {
			isa = PBXTargetDependency;
			target = AA228E31283F9EE3003739F9 /* TextArea */;
			targetProxy = AA228E49283F9EE4003739F9 /* PBXContainerItemProxy */;
		};
		AA228E54283F9EE4003739F9 /* PBXTargetDependency */ = {
			isa = PBXTargetDependency;
			target = AA228E31283F9EE3003739F9 /* TextArea */;
			targetProxy = AA228E53283F9EE4003739F9 /* PBXContainerItemProxy */;
		};
/* End PBXTargetDependency section */

/* Begin PBXVariantGroup section */
		AA228E3B283F9EE3003739F9 /* Main.storyboard */ = {
			isa = PBXVariantGroup;
			children = (
				AA228E3C283F9EE3003739F9 /* Base */,
			);
			name = Main.storyboard;
			sourceTree = "<group>";
		};
		AA228E40283F9EE4003739F9 /* LaunchScreen.storyboard */ = {
			isa = PBXVariantGroup;
			children = (
				AA228E41283F9EE4003739F9 /* Base */,
			);
			name = LaunchScreen.storyboard;
			sourceTree = "<group>";
		};
/* End PBXVariantGroup section */

/* Begin XCBuildConfiguration section */
		AA228E5A283F9EE4003739F9 /* Debug */ = {
			isa = XCBuildConfiguration;
			buildSettings = {
				ALWAYS_SEARCH_USER_PATHS = NO;
				CLANG_ANALYZER_NONNULL = YES;
				CLANG_ANALYZER_NUMBER_OBJECT_CONVERSION = YES_AGGRESSIVE;
				CLANG_CXX_LANGUAGE_STANDARD = "gnu++17";
				CLANG_ENABLE_MODULES = YES;
				CLANG_ENABLE_OBJC_ARC = YES;
				CLANG_ENABLE_OBJC_WEAK = YES;
				CLANG_WARN_BLOCK_CAPTURE_AUTORELEASING = YES;
				CLANG_WARN_BOOL_CONVERSION = YES;
				CLANG_WARN_COMMA = YES;
				CLANG_WARN_CONSTANT_CONVERSION = YES;
				CLANG_WARN_DEPRECATED_OBJC_IMPLEMENTATIONS = YES;
				CLANG_WARN_DIRECT_OBJC_ISA_USAGE = YES_ERROR;
				CLANG_WARN_DOCUMENTATION_COMMENTS = YES;
				CLANG_WARN_EMPTY_BODY = YES;
				CLANG_WARN_ENUM_CONVERSION = YES;
				CLANG_WARN_INFINITE_RECURSION = YES;
				CLANG_WARN_INT_CONVERSION = YES;
				CLANG_WARN_NON_LITERAL_NULL_CONVERSION = YES;
				CLANG_WARN_OBJC_IMPLICIT_RETAIN_SELF = YES;
				CLANG_WARN_OBJC_LITERAL_CONVERSION = YES;
				CLANG_WARN_OBJC_ROOT_CLASS = YES_ERROR;
				CLANG_WARN_QUOTED_INCLUDE_IN_FRAMEWORK_HEADER = YES;
				CLANG_WARN_RANGE_LOOP_ANALYSIS = YES;
				CLANG_WARN_STRICT_PROTOTYPES = YES;
				CLANG_WARN_SUSPICIOUS_MOVE = YES;
				CLANG_WARN_UNGUARDED_AVAILABILITY = YES_AGGRESSIVE;
				CLANG_WARN_UNREACHABLE_CODE = YES;
				CLANG_WARN__DUPLICATE_METHOD_MATCH = YES;
				COPY_PHASE_STRIP = NO;
				DEBUG_INFORMATION_FORMAT = dwarf;
				ENABLE_STRICT_OBJC_MSGSEND = YES;
				ENABLE_TESTABILITY = YES;
				GCC_C_LANGUAGE_STANDARD = gnu11;
				GCC_DYNAMIC_NO_PIC = NO;
				GCC_NO_COMMON_BLOCKS = YES;
				GCC_OPTIMIZATION_LEVEL = 0;
				GCC_PREPROCESSOR_DEFINITIONS = (
					"DEBUG=1",
					"$(inherited)",
				);
				GCC_WARN_64_TO_32_BIT_CONVERSION = YES;
				GCC_WARN_ABOUT_RETURN_TYPE = YES_ERROR;
				GCC_WARN_UNDECLARED_SELECTOR = YES;
				GCC_WARN_UNINITIALIZED_AUTOS = YES_AGGRESSIVE;
				GCC_WARN_UNUSED_FUNCTION = YES;
				GCC_WARN_UNUSED_VARIABLE = YES;
				IPHONEOS_DEPLOYMENT_TARGET = 15.4;
				MTL_ENABLE_DEBUG_INFO = INCLUDE_SOURCE;
				MTL_FAST_MATH = YES;
				ONLY_ACTIVE_ARCH = YES;
				SDKROOT = iphoneos;
				SWIFT_ACTIVE_COMPILATION_CONDITIONS = DEBUG;
				SWIFT_OPTIMIZATION_LEVEL = "-Onone";
			};
			name = Debug;
		};
		AA228E5B283F9EE4003739F9 /* Release */ = {
			isa = XCBuildConfiguration;
			buildSettings = {
				ALWAYS_SEARCH_USER_PATHS = NO;
				CLANG_ANALYZER_NONNULL = YES;
				CLANG_ANALYZER_NUMBER_OBJECT_CONVERSION = YES_AGGRESSIVE;
				CLANG_CXX_LANGUAGE_STANDARD = "gnu++17";
				CLANG_ENABLE_MODULES = YES;
				CLANG_ENABLE_OBJC_ARC = YES;
				CLANG_ENABLE_OBJC_WEAK = YES;
				CLANG_WARN_BLOCK_CAPTURE_AUTORELEASING = YES;
				CLANG_WARN_BOOL_CONVERSION = YES;
				CLANG_WARN_COMMA = YES;
				CLANG_WARN_CONSTANT_CONVERSION = YES;
				CLANG_WARN_DEPRECATED_OBJC_IMPLEMENTATIONS = YES;
				CLANG_WARN_DIRECT_OBJC_ISA_USAGE = YES_ERROR;
				CLANG_WARN_DOCUMENTATION_COMMENTS = YES;
				CLANG_WARN_EMPTY_BODY = YES;
				CLANG_WARN_ENUM_CONVERSION = YES;
				CLANG_WARN_INFINITE_RECURSION = YES;
				CLANG_WARN_INT_CONVERSION = YES;
				CLANG_WARN_NON_LITERAL_NULL_CONVERSION = YES;
				CLANG_WARN_OBJC_IMPLICIT_RETAIN_SELF = YES;
				CLANG_WARN_OBJC_LITERAL_CONVERSION = YES;
				CLANG_WARN_OBJC_ROOT_CLASS = YES_ERROR;
				CLANG_WARN_QUOTED_INCLUDE_IN_FRAMEWORK_HEADER = YES;
				CLANG_WARN_RANGE_LOOP_ANALYSIS = YES;
				CLANG_WARN_STRICT_PROTOTYPES = YES;
				CLANG_WARN_SUSPICIOUS_MOVE = YES;
				CLANG_WARN_UNGUARDED_AVAILABILITY = YES_AGGRESSIVE;
				CLANG_WARN_UNREACHABLE_CODE = YES;
				CLANG_WARN__DUPLICATE_METHOD_MATCH = YES;
				COPY_PHASE_STRIP = NO;
				DEBUG_INFORMATION_FORMAT = "dwarf-with-dsym";
				ENABLE_NS_ASSERTIONS = NO;
				ENABLE_STRICT_OBJC_MSGSEND = YES;
				GCC_C_LANGUAGE_STANDARD = gnu11;
				GCC_NO_COMMON_BLOCKS = YES;
				GCC_WARN_64_TO_32_BIT_CONVERSION = YES;
				GCC_WARN_ABOUT_RETURN_TYPE = YES_ERROR;
				GCC_WARN_UNDECLARED_SELECTOR = YES;
				GCC_WARN_UNINITIALIZED_AUTOS = YES_AGGRESSIVE;
				GCC_WARN_UNUSED_FUNCTION = YES;
				GCC_WARN_UNUSED_VARIABLE = YES;
				IPHONEOS_DEPLOYMENT_TARGET = 15.4;
				MTL_ENABLE_DEBUG_INFO = NO;
				MTL_FAST_MATH = YES;
				SDKROOT = iphoneos;
				SWIFT_COMPILATION_MODE = wholemodule;
				SWIFT_OPTIMIZATION_LEVEL = "-O";
				VALIDATE_PRODUCT = YES;
			};
			name = Release;
		};
		AA228E5D283F9EE4003739F9 /* Debug */ = {
			isa = XCBuildConfiguration;
			buildSettings = {
				ASSETCATALOG_COMPILER_APPICON_NAME = AppIcon;
				ASSETCATALOG_COMPILER_GLOBAL_ACCENT_COLOR_NAME = AccentColor;
				CODE_SIGN_STYLE = Automatic;
				CURRENT_PROJECT_VERSION = 1;
				GENERATE_INFOPLIST_FILE = YES;
				INFOPLIST_FILE = TextArea/Info.plist;
				INFOPLIST_KEY_UIApplicationSupportsIndirectInputEvents = YES;
				INFOPLIST_KEY_UILaunchStoryboardName = LaunchScreen;
				INFOPLIST_KEY_UIMainStoryboardFile = Main;
				INFOPLIST_KEY_UISupportedInterfaceOrientations_iPad = "UIInterfaceOrientationPortrait UIInterfaceOrientationPortraitUpsideDown UIInterfaceOrientationLandscapeLeft UIInterfaceOrientationLandscapeRight";
				INFOPLIST_KEY_UISupportedInterfaceOrientations_iPhone = "UIInterfaceOrientationPortrait UIInterfaceOrientationLandscapeLeft UIInterfaceOrientationLandscapeRight";
				LD_RUNPATH_SEARCH_PATHS = (
					"$(inherited)",
					"@executable_path/Frameworks",
				);
				MARKETING_VERSION = 1.0;
				PRODUCT_BUNDLE_IDENTIFIER = MINRYUL.TextArea;
				PRODUCT_NAME = "$(TARGET_NAME)";
				SWIFT_EMIT_LOC_STRINGS = YES;
				SWIFT_VERSION = 5.0;
				TARGETED_DEVICE_FAMILY = "1,2";
			};
			name = Debug;
		};
		AA228E5E283F9EE4003739F9 /* Release */ = {
			isa = XCBuildConfiguration;
			buildSettings = {
				ASSETCATALOG_COMPILER_APPICON_NAME = AppIcon;
				ASSETCATALOG_COMPILER_GLOBAL_ACCENT_COLOR_NAME = AccentColor;
				CODE_SIGN_STYLE = Automatic;
				CURRENT_PROJECT_VERSION = 1;
				GENERATE_INFOPLIST_FILE = YES;
				INFOPLIST_FILE = TextArea/Info.plist;
				INFOPLIST_KEY_UIApplicationSupportsIndirectInputEvents = YES;
				INFOPLIST_KEY_UILaunchStoryboardName = LaunchScreen;
				INFOPLIST_KEY_UIMainStoryboardFile = Main;
				INFOPLIST_KEY_UISupportedInterfaceOrientations_iPad = "UIInterfaceOrientationPortrait UIInterfaceOrientationPortraitUpsideDown UIInterfaceOrientationLandscapeLeft UIInterfaceOrientationLandscapeRight";
				INFOPLIST_KEY_UISupportedInterfaceOrientations_iPhone = "UIInterfaceOrientationPortrait UIInterfaceOrientationLandscapeLeft UIInterfaceOrientationLandscapeRight";
				LD_RUNPATH_SEARCH_PATHS = (
					"$(inherited)",
					"@executable_path/Frameworks",
				);
				MARKETING_VERSION = 1.0;
				PRODUCT_BUNDLE_IDENTIFIER = MINRYUL.TextArea;
				PRODUCT_NAME = "$(TARGET_NAME)";
				SWIFT_EMIT_LOC_STRINGS = YES;
				SWIFT_VERSION = 5.0;
				TARGETED_DEVICE_FAMILY = "1,2";
			};
			name = Release;
		};
		AA228E60283F9EE4003739F9 /* Debug */ = {
			isa = XCBuildConfiguration;
			buildSettings = {
				ALWAYS_EMBED_SWIFT_STANDARD_LIBRARIES = YES;
				BUNDLE_LOADER = "$(TEST_HOST)";
				CODE_SIGN_STYLE = Automatic;
				CURRENT_PROJECT_VERSION = 1;
				GENERATE_INFOPLIST_FILE = YES;
				IPHONEOS_DEPLOYMENT_TARGET = 15.4;
				MARKETING_VERSION = 1.0;
				PRODUCT_BUNDLE_IDENTIFIER = MINRYUL.TextAreaTests;
				PRODUCT_NAME = "$(TARGET_NAME)";
				SWIFT_EMIT_LOC_STRINGS = NO;
				SWIFT_VERSION = 5.0;
				TARGETED_DEVICE_FAMILY = "1,2";
				TEST_HOST = "$(BUILT_PRODUCTS_DIR)/TextArea.app/TextArea";
			};
			name = Debug;
		};
		AA228E61283F9EE4003739F9 /* Release */ = {
			isa = XCBuildConfiguration;
			buildSettings = {
				ALWAYS_EMBED_SWIFT_STANDARD_LIBRARIES = YES;
				BUNDLE_LOADER = "$(TEST_HOST)";
				CODE_SIGN_STYLE = Automatic;
				CURRENT_PROJECT_VERSION = 1;
				GENERATE_INFOPLIST_FILE = YES;
				IPHONEOS_DEPLOYMENT_TARGET = 15.4;
				MARKETING_VERSION = 1.0;
				PRODUCT_BUNDLE_IDENTIFIER = MINRYUL.TextAreaTests;
				PRODUCT_NAME = "$(TARGET_NAME)";
				SWIFT_EMIT_LOC_STRINGS = NO;
				SWIFT_VERSION = 5.0;
				TARGETED_DEVICE_FAMILY = "1,2";
				TEST_HOST = "$(BUILT_PRODUCTS_DIR)/TextArea.app/TextArea";
			};
			name = Release;
		};
		AA228E63283F9EE4003739F9 /* Debug */ = {
			isa = XCBuildConfiguration;
			buildSettings = {
				ALWAYS_EMBED_SWIFT_STANDARD_LIBRARIES = YES;
				CODE_SIGN_STYLE = Automatic;
				CURRENT_PROJECT_VERSION = 1;
				GENERATE_INFOPLIST_FILE = YES;
				MARKETING_VERSION = 1.0;
				PRODUCT_BUNDLE_IDENTIFIER = MINRYUL.TextAreaUITests;
				PRODUCT_NAME = "$(TARGET_NAME)";
				SWIFT_EMIT_LOC_STRINGS = NO;
				SWIFT_VERSION = 5.0;
				TARGETED_DEVICE_FAMILY = "1,2";
				TEST_TARGET_NAME = TextArea;
			};
			name = Debug;
		};
		AA228E64283F9EE4003739F9 /* Release */ = {
			isa = XCBuildConfiguration;
			buildSettings = {
				ALWAYS_EMBED_SWIFT_STANDARD_LIBRARIES = YES;
				CODE_SIGN_STYLE = Automatic;
				CURRENT_PROJECT_VERSION = 1;
				GENERATE_INFOPLIST_FILE = YES;
				MARKETING_VERSION = 1.0;
				PRODUCT_BUNDLE_IDENTIFIER = MINRYUL.TextAreaUITests;
				PRODUCT_NAME = "$(TARGET_NAME)";
				SWIFT_EMIT_LOC_STRINGS = NO;
				SWIFT_VERSION = 5.0;
				TARGETED_DEVICE_FAMILY = "1,2";
				TEST_TARGET_NAME = TextArea;
			};
			name = Release;
		};
/* End XCBuildConfiguration section */

/* Begin XCConfigurationList section */
		AA228E2D283F9EE3003739F9 /* Build configuration list for PBXProject "TextArea" */ = {
			isa = XCConfigurationList;
			buildConfigurations = (
				AA228E5A283F9EE4003739F9 /* Debug */,
				AA228E5B283F9EE4003739F9 /* Release */,
			);
			defaultConfigurationIsVisible = 0;
			defaultConfigurationName = Release;
		};
		AA228E5C283F9EE4003739F9 /* Build configuration list for PBXNativeTarget "TextArea" */ = {
			isa = XCConfigurationList;
			buildConfigurations = (
				AA228E5D283F9EE4003739F9 /* Debug */,
				AA228E5E283F9EE4003739F9 /* Release */,
			);
			defaultConfigurationIsVisible = 0;
			defaultConfigurationName = Release;
		};
		AA228E5F283F9EE4003739F9 /* Build configuration list for PBXNativeTarget "TextAreaTests" */ = {
			isa = XCConfigurationList;
			buildConfigurations = (
				AA228E60283F9EE4003739F9 /* Debug */,
				AA228E61283F9EE4003739F9 /* Release */,
			);
			defaultConfigurationIsVisible = 0;
			defaultConfigurationName = Release;
		};
		AA228E62283F9EE4003739F9 /* Build configuration list for PBXNativeTarget "TextAreaUITests" */ = {
			isa = XCConfigurationList;
			buildConfigurations = (
				AA228E63283F9EE4003739F9 /* Debug */,
				AA228E64283F9EE4003739F9 /* Release */,
			);
			defaultConfigurationIsVisible = 0;
			defaultConfigurationName = Release;
		};
/* End XCConfigurationList section */
	};
	rootObject = AA228E2A283F9EE3003739F9 /* Project object */;
}
