// !$*UTF8*$!
{
	archiveVersion = 1;
	classes = {
	};
	objectVersion = 55;
	objects = {

/* Begin PBXBuildFile section */
		12C0516A509690D7A1853C14 /* Pods_TextAreaTests.framework in Frameworks */ = {isa = PBXBuildFile; fileRef = 1FD31B3D195BE5A93D5CF29B /* Pods_TextAreaTests.framework */; };
		19D404A270E6AA4662996027 /* Pods_TextArea_TextAreaUITests.framework in Frameworks */ = {isa = PBXBuildFile; fileRef = 451381709A88E339819FD898 /* Pods_TextArea_TextAreaUITests.framework */; };
		81FD10E22DF9A838F8A2D360 /* Pods_TextArea.framework in Frameworks */ = {isa = PBXBuildFile; fileRef = FA25562BC7DE65F25EE5E158 /* Pods_TextArea.framework */; };
		AA228E36283F9EE3003739F9 /* AppDelegate.swift in Sources */ = {isa = PBXBuildFile; fileRef = AA228E35283F9EE3003739F9 /* AppDelegate.swift */; };
		AA228E38283F9EE3003739F9 /* SceneDelegate.swift in Sources */ = {isa = PBXBuildFile; fileRef = AA228E37283F9EE3003739F9 /* SceneDelegate.swift */; };
		AA228E3A283F9EE3003739F9 /* HomeViewController.swift in Sources */ = {isa = PBXBuildFile; fileRef = AA228E39283F9EE3003739F9 /* HomeViewController.swift */; };
		AA228E3D283F9EE3003739F9 /* Home.storyboard in Resources */ = {isa = PBXBuildFile; fileRef = AA228E3B283F9EE3003739F9 /* Home.storyboard */; };
		AA228E3F283F9EE4003739F9 /* Assets.xcassets in Resources */ = {isa = PBXBuildFile; fileRef = AA228E3E283F9EE4003739F9 /* Assets.xcassets */; };
		AA228E42283F9EE4003739F9 /* LaunchScreen.storyboard in Resources */ = {isa = PBXBuildFile; fileRef = AA228E40283F9EE4003739F9 /* LaunchScreen.storyboard */; };
		AA228E4D283F9EE4003739F9 /* TextAreaTests.swift in Sources */ = {isa = PBXBuildFile; fileRef = AA228E4C283F9EE4003739F9 /* TextAreaTests.swift */; };
		AA228E57283F9EE4003739F9 /* TextAreaUITests.swift in Sources */ = {isa = PBXBuildFile; fileRef = AA228E56283F9EE4003739F9 /* TextAreaUITests.swift */; };
		AA228E59283F9EE4003739F9 /* TextAreaUITestsLaunchTests.swift in Sources */ = {isa = PBXBuildFile; fileRef = AA228E58283F9EE4003739F9 /* TextAreaUITestsLaunchTests.swift */; };
		AA228E6B283FA7C1003739F9 /* HomeViewReactor.swift in Sources */ = {isa = PBXBuildFile; fileRef = AA228E6A283FA7C1003739F9 /* HomeViewReactor.swift */; };
		AA228E6E283FAA96003739F9 /* TextAreaStoryBoard.swift in Sources */ = {isa = PBXBuildFile; fileRef = AA228E6D283FAA96003739F9 /* TextAreaStoryBoard.swift */; };
		AA228E71283FAB08003739F9 /* BaseViewController.swift in Sources */ = {isa = PBXBuildFile; fileRef = AA228E70283FAB08003739F9 /* BaseViewController.swift */; };
		AA228E74283FAD94003739F9 /* Localizable.strings in Resources */ = {isa = PBXBuildFile; fileRef = AA228E76283FAD94003739F9 /* Localizable.strings */; };
		AA228E7B283FAE4B003739F9 /* String+Extension.swift in Sources */ = {isa = PBXBuildFile; fileRef = AA228E7A283FAE4B003739F9 /* String+Extension.swift */; };
/* End PBXBuildFile section */

/* Begin PBXContainerItemProxy section */
		AA228E49283F9EE4003739F9 /* PBXContainerItemProxy */ = {
			isa = PBXContainerItemProxy;
			containerPortal = AA228E2A283F9EE3003739F9 /* Project object */;
			proxyType = 1;
			remoteGlobalIDString = AA228E31283F9EE3003739F9;
			remoteInfo = TextArea;
		};
		AA228E53283F9EE4003739F9 /* PBXContainerItemProxy */ = {
			isa = PBXContainerItemProxy;
			containerPortal = AA228E2A283F9EE3003739F9 /* Project object */;
			proxyType = 1;
			remoteGlobalIDString = AA228E31283F9EE3003739F9;
			remoteInfo = TextArea;
		};
/* End PBXContainerItemProxy section */

/* Begin PBXFileReference section */
		003AD119F711EF3059F3F031 /* Pods-TextArea.debug.xcconfig */ = {isa = PBXFileReference; includeInIndex = 1; lastKnownFileType = text.xcconfig; name = "Pods-TextArea.debug.xcconfig"; path = "Target Support Files/Pods-TextArea/Pods-TextArea.debug.xcconfig"; sourceTree = "<group>"; };
		176EB6638335C2015E340A6E /* Pods-TextArea-TextAreaUITests.release.xcconfig */ = {isa = PBXFileReference; includeInIndex = 1; lastKnownFileType = text.xcconfig; name = "Pods-TextArea-TextAreaUITests.release.xcconfig"; path = "Target Support Files/Pods-TextArea-TextAreaUITests/Pods-TextArea-TextAreaUITests.release.xcconfig"; sourceTree = "<group>"; };
		1EEA3803AA4F057169294D3E /* Pods-TextArea-TextAreaUITests.debug.xcconfig */ = {isa = PBXFileReference; includeInIndex = 1; lastKnownFileType = text.xcconfig; name = "Pods-TextArea-TextAreaUITests.debug.xcconfig"; path = "Target Support Files/Pods-TextArea-TextAreaUITests/Pods-TextArea-TextAreaUITests.debug.xcconfig"; sourceTree = "<group>"; };
		1FD31B3D195BE5A93D5CF29B /* Pods_TextAreaTests.framework */ = {isa = PBXFileReference; explicitFileType = wrapper.framework; includeInIndex = 0; path = Pods_TextAreaTests.framework; sourceTree = BUILT_PRODUCTS_DIR; };
		28C9AE80BFE5F13C022869DD /* Pods-TextAreaTests.release.xcconfig */ = {isa = PBXFileReference; includeInIndex = 1; lastKnownFileType = text.xcconfig; name = "Pods-TextAreaTests.release.xcconfig"; path = "Target Support Files/Pods-TextAreaTests/Pods-TextAreaTests.release.xcconfig"; sourceTree = "<group>"; };
		451381709A88E339819FD898 /* Pods_TextArea_TextAreaUITests.framework */ = {isa = PBXFileReference; explicitFileType = wrapper.framework; includeInIndex = 0; path = Pods_TextArea_TextAreaUITests.framework; sourceTree = BUILT_PRODUCTS_DIR; };
		A8A62439A5C5AFBEC521C7BF /* Pods-TextAreaTests.debug.xcconfig */ = {isa = PBXFileReference; includeInIndex = 1; lastKnownFileType = text.xcconfig; name = "Pods-TextAreaTests.debug.xcconfig"; path = "Target Support Files/Pods-TextAreaTests/Pods-TextAreaTests.debug.xcconfig"; sourceTree = "<group>"; };
		AA228E32283F9EE3003739F9 /* TextArea.app */ = {isa = PBXFileReference; explicitFileType = wrapper.application; includeInIndex = 0; path = TextArea.app; sourceTree = BUILT_PRODUCTS_DIR; };
		AA228E35283F9EE3003739F9 /* AppDelegate.swift */ = {isa = PBXFileReference; lastKnownFileType = sourcecode.swift; path = AppDelegate.swift; sourceTree = "<group>"; };
		AA228E37283F9EE3003739F9 /* SceneDelegate.swift */ = {isa = PBXFileReference; lastKnownFileType = sourcecode.swift; path = SceneDelegate.swift; sourceTree = "<group>"; };
		AA228E39283F9EE3003739F9 /* HomeViewController.swift */ = {isa = PBXFileReference; lastKnownFileType = sourcecode.swift; path = HomeViewController.swift; sourceTree = "<group>"; };
		AA228E3C283F9EE3003739F9 /* Base */ = {isa = PBXFileReference; lastKnownFileType = file.storyboard; name = Base; path = Base.lproj/Home.storyboard; sourceTree = "<group>"; };
		AA228E3E283F9EE4003739F9 /* Assets.xcassets */ = {isa = PBXFileReference; lastKnownFileType = folder.assetcatalog; path = Assets.xcassets; sourceTree = "<group>"; };
		AA228E41283F9EE4003739F9 /* Base */ = {isa = PBXFileReference; lastKnownFileType = file.storyboard; name = Base; path = Base.lproj/LaunchScreen.storyboard; sourceTree = "<group>"; };
		AA228E43283F9EE4003739F9 /* Info.plist */ = {isa = PBXFileReference; lastKnownFileType = text.plist.xml; path = Info.plist; sourceTree = "<group>"; };
		AA228E48283F9EE4003739F9 /* TextAreaTests.xctest */ = {isa = PBXFileReference; explicitFileType = wrapper.cfbundle; includeInIndex = 0; path = TextAreaTests.xctest; sourceTree = BUILT_PRODUCTS_DIR; };
		AA228E4C283F9EE4003739F9 /* TextAreaTests.swift */ = {isa = PBXFileReference; lastKnownFileType = sourcecode.swift; path = TextAreaTests.swift; sourceTree = "<group>"; };
		AA228E52283F9EE4003739F9 /* TextAreaUITests.xctest */ = {isa = PBXFileReference; explicitFileType = wrapper.cfbundle; includeInIndex = 0; path = TextAreaUITests.xctest; sourceTree = BUILT_PRODUCTS_DIR; };
		AA228E56283F9EE4003739F9 /* TextAreaUITests.swift */ = {isa = PBXFileReference; lastKnownFileType = sourcecode.swift; path = TextAreaUITests.swift; sourceTree = "<group>"; };
		AA228E58283F9EE4003739F9 /* TextAreaUITestsLaunchTests.swift */ = {isa = PBXFileReference; lastKnownFileType = sourcecode.swift; path = TextAreaUITestsLaunchTests.swift; sourceTree = "<group>"; };
		AA228E6A283FA7C1003739F9 /* HomeViewReactor.swift */ = {isa = PBXFileReference; lastKnownFileType = sourcecode.swift; path = HomeViewReactor.swift; sourceTree = "<group>"; };
		AA228E6D283FAA96003739F9 /* TextAreaStoryBoard.swift */ = {isa = PBXFileReference; lastKnownFileType = sourcecode.swift; path = TextAreaStoryBoard.swift; sourceTree = "<group>"; };
		AA228E70283FAB08003739F9 /* BaseViewController.swift */ = {isa = PBXFileReference; lastKnownFileType = sourcecode.swift; path = BaseViewController.swift; sourceTree = "<group>"; };
		AA228E75283FAD94003739F9 /* en */ = {isa = PBXFileReference; lastKnownFileType = text.plist.strings; name = en; path = en.lproj/Localizable.strings; sourceTree = "<group>"; };
		AA228E77283FADAB003739F9 /* ko */ = {isa = PBXFileReference; lastKnownFileType = text.plist.strings; name = ko; path = ko.lproj/Localizable.strings; sourceTree = "<group>"; };
		AA228E78283FADB8003739F9 /* ja */ = {isa = PBXFileReference; lastKnownFileType = text.plist.strings; name = ja; path = ja.lproj/Localizable.strings; sourceTree = "<group>"; };
		AA228E7A283FAE4B003739F9 /* String+Extension.swift */ = {isa = PBXFileReference; lastKnownFileType = sourcecode.swift; path = "String+Extension.swift"; sourceTree = "<group>"; };
		BEC7965FB9F9B9536F20207C /* Pods-TextArea.release.xcconfig */ = {isa = PBXFileReference; includeInIndex = 1; lastKnownFileType = text.xcconfig; name = "Pods-TextArea.release.xcconfig"; path = "Target Support Files/Pods-TextArea/Pods-TextArea.release.xcconfig"; sourceTree = "<group>"; };
		FA25562BC7DE65F25EE5E158 /* Pods_TextArea.framework */ = {isa = PBXFileReference; explicitFileType = wrapper.framework; includeInIndex = 0; path = Pods_TextArea.framework; sourceTree = BUILT_PRODUCTS_DIR; };
/* End PBXFileReference section */

/* Begin PBXFrameworksBuildPhase section */
		AA228E2F283F9EE3003739F9 /* Frameworks */ = {
			isa = PBXFrameworksBuildPhase;
			buildActionMask = 2147483647;
			files = (
				81FD10E22DF9A838F8A2D360 /* Pods_TextArea.framework in Frameworks */,
			);
			runOnlyForDeploymentPostprocessing = 0;
		};
		AA228E45283F9EE4003739F9 /* Frameworks */ = {
			isa = PBXFrameworksBuildPhase;
			buildActionMask = 2147483647;
			files = (
				12C0516A509690D7A1853C14 /* Pods_TextAreaTests.framework in Frameworks */,
			);
			runOnlyForDeploymentPostprocessing = 0;
		};
		AA228E4F283F9EE4003739F9 /* Frameworks */ = {
			isa = PBXFrameworksBuildPhase;
			buildActionMask = 2147483647;
			files = (
				19D404A270E6AA4662996027 /* Pods_TextArea_TextAreaUITests.framework in Frameworks */,
			);
			runOnlyForDeploymentPostprocessing = 0;
		};
/* End PBXFrameworksBuildPhase section */

/* Begin PBXGroup section */
		01794EA274BE3B947FB0BF94 /* Pods */ = {
			isa = PBXGroup;
			children = (
				003AD119F711EF3059F3F031 /* Pods-TextArea.debug.xcconfig */,
				BEC7965FB9F9B9536F20207C /* Pods-TextArea.release.xcconfig */,
				1EEA3803AA4F057169294D3E /* Pods-TextArea-TextAreaUITests.debug.xcconfig */,
				176EB6638335C2015E340A6E /* Pods-TextArea-TextAreaUITests.release.xcconfig */,
				A8A62439A5C5AFBEC521C7BF /* Pods-TextAreaTests.debug.xcconfig */,
				28C9AE80BFE5F13C022869DD /* Pods-TextAreaTests.release.xcconfig */,
			);
			path = Pods;
			sourceTree = "<group>";
		};
		A414D25D0DABC91329789B87 /* Frameworks */ = {
			isa = PBXGroup;
			children = (
				FA25562BC7DE65F25EE5E158 /* Pods_TextArea.framework */,
				451381709A88E339819FD898 /* Pods_TextArea_TextAreaUITests.framework */,
				1FD31B3D195BE5A93D5CF29B /* Pods_TextAreaTests.framework */,
			);
			name = Frameworks;
			sourceTree = "<group>";
		};
		AA228E29283F9EE3003739F9 = {
			isa = PBXGroup;
			children = (
				AA228E34283F9EE3003739F9 /* TextArea */,
				AA228E4B283F9EE4003739F9 /* TextAreaTests */,
				AA228E55283F9EE4003739F9 /* TextAreaUITests */,
				AA228E33283F9EE3003739F9 /* Products */,
				01794EA274BE3B947FB0BF94 /* Pods */,
				A414D25D0DABC91329789B87 /* Frameworks */,
			);
			sourceTree = "<group>";
		};
		AA228E33283F9EE3003739F9 /* Products */ = {
			isa = PBXGroup;
			children = (
				AA228E32283F9EE3003739F9 /* TextArea.app */,
				AA228E48283F9EE4003739F9 /* TextAreaTests.xctest */,
				AA228E52283F9EE4003739F9 /* TextAreaUITests.xctest */,
			);
			name = Products;
			sourceTree = "<group>";
		};
		AA228E34283F9EE3003739F9 /* TextArea */ = {
			isa = PBXGroup;
			children = (
				AA228E6C283FAA7F003739F9 /* Utility */,
				AA228E69283FA693003739F9 /* Data */,
				AA228E67283FA5E3003739F9 /* Application */,
				AA228E66283FA5D8003739F9 /* Presentation */,
				AA228E65283FA58B003739F9 /* Resource */,
			);
			path = TextArea;
			sourceTree = "<group>";
		};
		AA228E4B283F9EE4003739F9 /* TextAreaTests */ = {
			isa = PBXGroup;
			children = (
				AA228E4C283F9EE4003739F9 /* TextAreaTests.swift */,
			);
			path = TextAreaTests;
			sourceTree = "<group>";
		};
		AA228E55283F9EE4003739F9 /* TextAreaUITests */ = {
			isa = PBXGroup;
			children = (
				AA228E56283F9EE4003739F9 /* TextAreaUITests.swift */,
				AA228E58283F9EE4003739F9 /* TextAreaUITestsLaunchTests.swift */,
			);
			path = TextAreaUITests;
			sourceTree = "<group>";
		};
		AA228E65283FA58B003739F9 /* Resource */ = {
			isa = PBXGroup;
			children = (
				AA228E43283F9EE4003739F9 /* Info.plist */,
				AA228E76283FAD94003739F9 /* Localizable.strings */,
			);
			path = Resource;
			sourceTree = "<group>";
		};
		AA228E66283FA5D8003739F9 /* Presentation */ = {
			isa = PBXGroup;
			children = (
				AA228E68283FA600003739F9 /* Home */,
				AA228E40283F9EE4003739F9 /* LaunchScreen.storyboard */,
				AA228E70283FAB08003739F9 /* BaseViewController.swift */,
			);
			path = Presentation;
			sourceTree = "<group>";
		};
		AA228E67283FA5E3003739F9 /* Application */ = {
			isa = PBXGroup;
			children = (
				AA228E35283F9EE3003739F9 /* AppDelegate.swift */,
				AA228E37283F9EE3003739F9 /* SceneDelegate.swift */,
				AA228E3E283F9EE4003739F9 /* Assets.xcassets */,
			);
			path = Application;
			sourceTree = "<group>";
		};
		AA228E68283FA600003739F9 /* Home */ = {
			isa = PBXGroup;
			children = (
				AA228E39283F9EE3003739F9 /* HomeViewController.swift */,
				AA228E6A283FA7C1003739F9 /* HomeViewReactor.swift */,
				AA228E3B283F9EE3003739F9 /* Home.storyboard */,
			);
			path = Home;
			sourceTree = "<group>";
		};
		AA228E69283FA693003739F9 /* Data */ = {
			isa = PBXGroup;
			children = (
			);
			path = Data;
			sourceTree = "<group>";
		};
		AA228E6C283FAA7F003739F9 /* Utility */ = {
			isa = PBXGroup;
			children = (
				AA228E79283FAE3E003739F9 /* Extension */,
				AA228E6D283FAA96003739F9 /* TextAreaStoryBoard.swift */,
			);
			path = Utility;
			sourceTree = "<group>";
		};
		AA228E79283FAE3E003739F9 /* Extension */ = {
			isa = PBXGroup;
			children = (
				AA228E7A283FAE4B003739F9 /* String+Extension.swift */,
			);
			path = Extension;
			sourceTree = "<group>";
		};
/* End PBXGroup section */

/* Begin PBXNativeTarget section */
		AA228E31283F9EE3003739F9 /* TextArea */ = {
			isa = PBXNativeTarget;
			buildConfigurationList = AA228E5C283F9EE4003739F9 /* Build configuration list for PBXNativeTarget "TextArea" */;
			buildPhases = (
				0F1EC0B23A780B9450A72843 /* [CP] Check Pods Manifest.lock */,
				AA228E2E283F9EE3003739F9 /* Sources */,
				AA228E2F283F9EE3003739F9 /* Frameworks */,
				AA228E30283F9EE3003739F9 /* Resources */,
				B99B48184C8B13807D0CC5A7 /* [CP] Embed Pods Frameworks */,
			);
			buildRules = (
			);
			dependencies = (
			);
			name = TextArea;
			productName = TextArea;
			productReference = AA228E32283F9EE3003739F9 /* TextArea.app */;
			productType = "com.apple.product-type.application";
		};
		AA228E47283F9EE4003739F9 /* TextAreaTests */ = {
			isa = PBXNativeTarget;
			buildConfigurationList = AA228E5F283F9EE4003739F9 /* Build configuration list for PBXNativeTarget "TextAreaTests" */;
			buildPhases = (
				2337676F0B275C4C0F52813B /* [CP] Check Pods Manifest.lock */,
				AA228E44283F9EE4003739F9 /* Sources */,
				AA228E45283F9EE4003739F9 /* Frameworks */,
				AA228E46283F9EE4003739F9 /* Resources */,
			);
			buildRules = (
			);
			dependencies = (
				AA228E4A283F9EE4003739F9 /* PBXTargetDependency */,
			);
			name = TextAreaTests;
			productName = TextAreaTests;
			productReference = AA228E48283F9EE4003739F9 /* TextAreaTests.xctest */;
			productType = "com.apple.product-type.bundle.unit-test";
		};
		AA228E51283F9EE4003739F9 /* TextAreaUITests */ = {
			isa = PBXNativeTarget;
			buildConfigurationList = AA228E62283F9EE4003739F9 /* Build configuration list for PBXNativeTarget "TextAreaUITests" */;
			buildPhases = (
				68E16BFA7E2E358886D2986F /* [CP] Check Pods Manifest.lock */,
				AA228E4E283F9EE4003739F9 /* Sources */,
				AA228E4F283F9EE4003739F9 /* Frameworks */,
				AA228E50283F9EE4003739F9 /* Resources */,
				E1CD8654E0C097611AD76422 /* [CP] Embed Pods Frameworks */,
			);
			buildRules = (
			);
			dependencies = (
				AA228E54283F9EE4003739F9 /* PBXTargetDependency */,
			);
			name = TextAreaUITests;
			productName = TextAreaUITests;
			productReference = AA228E52283F9EE4003739F9 /* TextAreaUITests.xctest */;
			productType = "com.apple.product-type.bundle.ui-testing";
		};
/* End PBXNativeTarget section */

/* Begin PBXProject section */
		AA228E2A283F9EE3003739F9 /* Project object */ = {
			isa = PBXProject;
			attributes = {
				BuildIndependentTargetsInParallel = 1;
				LastSwiftUpdateCheck = 1330;
				LastUpgradeCheck = 1330;
				TargetAttributes = {
					AA228E31283F9EE3003739F9 = {
						CreatedOnToolsVersion = 13.3;
					};
					AA228E47283F9EE4003739F9 = {
						CreatedOnToolsVersion = 13.3;
						TestTargetID = AA228E31283F9EE3003739F9;
					};
					AA228E51283F9EE4003739F9 = {
						CreatedOnToolsVersion = 13.3;
						TestTargetID = AA228E31283F9EE3003739F9;
					};
				};
			};
			buildConfigurationList = AA228E2D283F9EE3003739F9 /* Build configuration list for PBXProject "TextArea" */;
			compatibilityVersion = "Xcode 13.0";
			developmentRegion = en;
			hasScannedForEncodings = 0;
			knownRegions = (
				en,
				Base,
				ko,
				ja,
			);
			mainGroup = AA228E29283F9EE3003739F9;
			productRefGroup = AA228E33283F9EE3003739F9 /* Products */;
			projectDirPath = "";
			projectRoot = "";
			targets = (
				AA228E31283F9EE3003739F9 /* TextArea */,
				AA228E47283F9EE4003739F9 /* TextAreaTests */,
				AA228E51283F9EE4003739F9 /* TextAreaUITests */,
			);
		};
/* End PBXProject section */

/* Begin PBXResourcesBuildPhase section */
		AA228E30283F9EE3003739F9 /* Resources */ = {
			isa = PBXResourcesBuildPhase;
			buildActionMask = 2147483647;
			files = (
				AA228E42283F9EE4003739F9 /* LaunchScreen.storyboard in Resources */,
				AA228E74283FAD94003739F9 /* Localizable.strings in Resources */,
				AA228E3F283F9EE4003739F9 /* Assets.xcassets in Resources */,
				AA228E3D283F9EE3003739F9 /* Home.storyboard in Resources */,
			);
			runOnlyForDeploymentPostprocessing = 0;
		};
		AA228E46283F9EE4003739F9 /* Resources */ = {
			isa = PBXResourcesBuildPhase;
			buildActionMask = 2147483647;
			files = (
			);
			runOnlyForDeploymentPostprocessing = 0;
		};
		AA228E50283F9EE4003739F9 /* Resources */ = {
			isa = PBXResourcesBuildPhase;
			buildActionMask = 2147483647;
			files = (
			);
			runOnlyForDeploymentPostprocessing = 0;
		};
/* End PBXResourcesBuildPhase section */

/* Begin PBXShellScriptBuildPhase section */
		0F1EC0B23A780B9450A72843 /* [CP] Check Pods Manifest.lock */ = {
			isa = PBXShellScriptBuildPhase;
			buildActionMask = 2147483647;
			files = (
			);
			inputFileListPaths = (
			);
			inputPaths = (
				"${PODS_PODFILE_DIR_PATH}/Podfile.lock",
				"${PODS_ROOT}/Manifest.lock",
			);
			name = "[CP] Check Pods Manifest.lock";
			outputFileListPaths = (
			);
			outputPaths = (
				"$(DERIVED_FILE_DIR)/Pods-TextArea-checkManifestLockResult.txt",
			);
			runOnlyForDeploymentPostprocessing = 0;
			shellPath = /bin/sh;
			shellScript = "diff \"${PODS_PODFILE_DIR_PATH}/Podfile.lock\" \"${PODS_ROOT}/Manifest.lock\" > /dev/null\nif [ $? != 0 ] ; then\n    # print error to STDERR\n    echo \"error: The sandbox is not in sync with the Podfile.lock. Run 'pod install' or update your CocoaPods installation.\" >&2\n    exit 1\nfi\n# This output is used by Xcode 'outputs' to avoid re-running this script phase.\necho \"SUCCESS\" > \"${SCRIPT_OUTPUT_FILE_0}\"\n";
			showEnvVarsInLog = 0;
		};
		2337676F0B275C4C0F52813B /* [CP] Check Pods Manifest.lock */ = {
			isa = PBXShellScriptBuildPhase;
			buildActionMask = 2147483647;
			files = (
			);
			inputFileListPaths = (
			);
			inputPaths = (
				"${PODS_PODFILE_DIR_PATH}/Podfile.lock",
				"${PODS_ROOT}/Manifest.lock",
			);
			name = "[CP] Check Pods Manifest.lock";
			outputFileListPaths = (
			);
			outputPaths = (
				"$(DERIVED_FILE_DIR)/Pods-TextAreaTests-checkManifestLockResult.txt",
			);
			runOnlyForDeploymentPostprocessing = 0;
			shellPath = /bin/sh;
			shellScript = "diff \"${PODS_PODFILE_DIR_PATH}/Podfile.lock\" \"${PODS_ROOT}/Manifest.lock\" > /dev/null\nif [ $? != 0 ] ; then\n    # print error to STDERR\n    echo \"error: The sandbox is not in sync with the Podfile.lock. Run 'pod install' or update your CocoaPods installation.\" >&2\n    exit 1\nfi\n# This output is used by Xcode 'outputs' to avoid re-running this script phase.\necho \"SUCCESS\" > \"${SCRIPT_OUTPUT_FILE_0}\"\n";
			showEnvVarsInLog = 0;
		};
		68E16BFA7E2E358886D2986F /* [CP] Check Pods Manifest.lock */ = {
			isa = PBXShellScriptBuildPhase;
			buildActionMask = 2147483647;
			files = (
			);
			inputFileListPaths = (
			);
			inputPaths = (
				"${PODS_PODFILE_DIR_PATH}/Podfile.lock",
				"${PODS_ROOT}/Manifest.lock",
			);
			name = "[CP] Check Pods Manifest.lock";
			outputFileListPaths = (
			);
			outputPaths = (
				"$(DERIVED_FILE_DIR)/Pods-TextArea-TextAreaUITests-checkManifestLockResult.txt",
			);
			runOnlyForDeploymentPostprocessing = 0;
			shellPath = /bin/sh;
			shellScript = "diff \"${PODS_PODFILE_DIR_PATH}/Podfile.lock\" \"${PODS_ROOT}/Manifest.lock\" > /dev/null\nif [ $? != 0 ] ; then\n    # print error to STDERR\n    echo \"error: The sandbox is not in sync with the Podfile.lock. Run 'pod install' or update your CocoaPods installation.\" >&2\n    exit 1\nfi\n# This output is used by Xcode 'outputs' to avoid re-running this script phase.\necho \"SUCCESS\" > \"${SCRIPT_OUTPUT_FILE_0}\"\n";
			showEnvVarsInLog = 0;
		};
		B99B48184C8B13807D0CC5A7 /* [CP] Embed Pods Frameworks */ = {
			isa = PBXShellScriptBuildPhase;
			buildActionMask = 2147483647;
			files = (
			);
			inputFileListPaths = (
				"${PODS_ROOT}/Target Support Files/Pods-TextArea/Pods-TextArea-frameworks-${CONFIGURATION}-input-files.xcfilelist",
			);
			name = "[CP] Embed Pods Frameworks";
			outputFileListPaths = (
				"${PODS_ROOT}/Target Support Files/Pods-TextArea/Pods-TextArea-frameworks-${CONFIGURATION}-output-files.xcfilelist",
			);
			runOnlyForDeploymentPostprocessing = 0;
			shellPath = /bin/sh;
			shellScript = "\"${PODS_ROOT}/Target Support Files/Pods-TextArea/Pods-TextArea-frameworks.sh\"\n";
			showEnvVarsInLog = 0;
		};
		E1CD8654E0C097611AD76422 /* [CP] Embed Pods Frameworks */ = {
			isa = PBXShellScriptBuildPhase;
			buildActionMask = 2147483647;
			files = (
			);
			inputFileListPaths = (
				"${PODS_ROOT}/Target Support Files/Pods-TextArea-TextAreaUITests/Pods-TextArea-TextAreaUITests-frameworks-${CONFIGURATION}-input-files.xcfilelist",
			);
			name = "[CP] Embed Pods Frameworks";
			outputFileListPaths = (
				"${PODS_ROOT}/Target Support Files/Pods-TextArea-TextAreaUITests/Pods-TextArea-TextAreaUITests-frameworks-${CONFIGURATION}-output-files.xcfilelist",
			);
			runOnlyForDeploymentPostprocessing = 0;
			shellPath = /bin/sh;
			shellScript = "\"${PODS_ROOT}/Target Support Files/Pods-TextArea-TextAreaUITests/Pods-TextArea-TextAreaUITests-frameworks.sh\"\n";
			showEnvVarsInLog = 0;
		};
/* End PBXShellScriptBuildPhase section */

/* Begin PBXSourcesBuildPhase section */
		AA228E2E283F9EE3003739F9 /* Sources */ = {
			isa = PBXSourcesBuildPhase;
			buildActionMask = 2147483647;
			files = (
				AA228E3A283F9EE3003739F9 /* HomeViewController.swift in Sources */,
				AA228E7B283FAE4B003739F9 /* String+Extension.swift in Sources */,
				AA228E6B283FA7C1003739F9 /* HomeViewReactor.swift in Sources */,
				AA228E36283F9EE3003739F9 /* AppDelegate.swift in Sources */,
				AA228E38283F9EE3003739F9 /* SceneDelegate.swift in Sources */,
				AA228E6E283FAA96003739F9 /* TextAreaStoryBoard.swift in Sources */,
				AA228E71283FAB08003739F9 /* BaseViewController.swift in Sources */,
			);
			runOnlyForDeploymentPostprocessing = 0;
		};
		AA228E44283F9EE4003739F9 /* Sources */ = {
			isa = PBXSourcesBuildPhase;
			buildActionMask = 2147483647;
			files = (
				AA228E4D283F9EE4003739F9 /* TextAreaTests.swift in Sources */,
			);
			runOnlyForDeploymentPostprocessing = 0;
		};
		AA228E4E283F9EE4003739F9 /* Sources */ = {
			isa = PBXSourcesBuildPhase;
			buildActionMask = 2147483647;
			files = (
				AA228E59283F9EE4003739F9 /* TextAreaUITestsLaunchTests.swift in Sources */,
				AA228E57283F9EE4003739F9 /* TextAreaUITests.swift in Sources */,
			);
			runOnlyForDeploymentPostprocessing = 0;
		};
/* End PBXSourcesBuildPhase section */

/* Begin PBXTargetDependency section */
		AA228E4A283F9EE4003739F9 /* PBXTargetDependency */ = {
			isa = PBXTargetDependency;
			target = AA228E31283F9EE3003739F9 /* TextArea */;
			targetProxy = AA228E49283F9EE4003739F9 /* PBXContainerItemProxy */;
		};
		AA228E54283F9EE4003739F9 /* PBXTargetDependency */ = {
			isa = PBXTargetDependency;
			target = AA228E31283F9EE3003739F9 /* TextArea */;
			targetProxy = AA228E53283F9EE4003739F9 /* PBXContainerItemProxy */;
		};
/* End PBXTargetDependency section */

/* Begin PBXVariantGroup section */
		AA228E3B283F9EE3003739F9 /* Home.storyboard */ = {
			isa = PBXVariantGroup;
			children = (
				AA228E3C283F9EE3003739F9 /* Base */,
			);
			name = Home.storyboard;
			sourceTree = "<group>";
		};
		AA228E40283F9EE4003739F9 /* LaunchScreen.storyboard */ = {
			isa = PBXVariantGroup;
			children = (
				AA228E41283F9EE4003739F9 /* Base */,
			);
			name = LaunchScreen.storyboard;
			sourceTree = "<group>";
		};
		AA228E76283FAD94003739F9 /* Localizable.strings */ = {
			isa = PBXVariantGroup;
			children = (
				AA228E75283FAD94003739F9 /* en */,
				AA228E77283FADAB003739F9 /* ko */,
				AA228E78283FADB8003739F9 /* ja */,
			);
			name = Localizable.strings;
			sourceTree = "<group>";
		};
/* End PBXVariantGroup section */

/* Begin XCBuildConfiguration section */
		AA228E5A283F9EE4003739F9 /* Debug */ = {
			isa = XCBuildConfiguration;
			buildSettings = {
				ALWAYS_SEARCH_USER_PATHS = NO;
				CLANG_ANALYZER_LOCALIZABILITY_NONLOCALIZED = YES;
				CLANG_ANALYZER_NONNULL = YES;
				CLANG_ANALYZER_NUMBER_OBJECT_CONVERSION = YES_AGGRESSIVE;
				CLANG_CXX_LANGUAGE_STANDARD = "gnu++17";
				CLANG_ENABLE_MODULES = YES;
				CLANG_ENABLE_OBJC_ARC = YES;
				CLANG_ENABLE_OBJC_WEAK = YES;
				CLANG_WARN_BLOCK_CAPTURE_AUTORELEASING = YES;
				CLANG_WARN_BOOL_CONVERSION = YES;
				CLANG_WARN_COMMA = YES;
				CLANG_WARN_CONSTANT_CONVERSION = YES;
				CLANG_WARN_DEPRECATED_OBJC_IMPLEMENTATIONS = YES;
				CLANG_WARN_DIRECT_OBJC_ISA_USAGE = YES_ERROR;
				CLANG_WARN_DOCUMENTATION_COMMENTS = YES;
				CLANG_WARN_EMPTY_BODY = YES;
				CLANG_WARN_ENUM_CONVERSION = YES;
				CLANG_WARN_INFINITE_RECURSION = YES;
				CLANG_WARN_INT_CONVERSION = YES;
				CLANG_WARN_NON_LITERAL_NULL_CONVERSION = YES;
				CLANG_WARN_OBJC_IMPLICIT_RETAIN_SELF = YES;
				CLANG_WARN_OBJC_LITERAL_CONVERSION = YES;
				CLANG_WARN_OBJC_ROOT_CLASS = YES_ERROR;
				CLANG_WARN_QUOTED_INCLUDE_IN_FRAMEWORK_HEADER = YES;
				CLANG_WARN_RANGE_LOOP_ANALYSIS = YES;
				CLANG_WARN_STRICT_PROTOTYPES = YES;
				CLANG_WARN_SUSPICIOUS_MOVE = YES;
				CLANG_WARN_UNGUARDED_AVAILABILITY = YES_AGGRESSIVE;
				CLANG_WARN_UNREACHABLE_CODE = YES;
				CLANG_WARN__DUPLICATE_METHOD_MATCH = YES;
				COPY_PHASE_STRIP = NO;
				DEBUG_INFORMATION_FORMAT = dwarf;
				ENABLE_STRICT_OBJC_MSGSEND = YES;
				ENABLE_TESTABILITY = YES;
				GCC_C_LANGUAGE_STANDARD = gnu11;
				GCC_DYNAMIC_NO_PIC = NO;
				GCC_NO_COMMON_BLOCKS = YES;
				GCC_OPTIMIZATION_LEVEL = 0;
				GCC_PREPROCESSOR_DEFINITIONS = (
					"DEBUG=1",
					"$(inherited)",
				);
				GCC_WARN_64_TO_32_BIT_CONVERSION = YES;
				GCC_WARN_ABOUT_RETURN_TYPE = YES_ERROR;
				GCC_WARN_UNDECLARED_SELECTOR = YES;
				GCC_WARN_UNINITIALIZED_AUTOS = YES_AGGRESSIVE;
				GCC_WARN_UNUSED_FUNCTION = YES;
				GCC_WARN_UNUSED_VARIABLE = YES;
				IPHONEOS_DEPLOYMENT_TARGET = 15.4;
				MTL_ENABLE_DEBUG_INFO = INCLUDE_SOURCE;
				MTL_FAST_MATH = YES;
				ONLY_ACTIVE_ARCH = YES;
				SDKROOT = iphoneos;
				SWIFT_ACTIVE_COMPILATION_CONDITIONS = DEBUG;
				SWIFT_OPTIMIZATION_LEVEL = "-Onone";
			};
			name = Debug;
		};
		AA228E5B283F9EE4003739F9 /* Release */ = {
			isa = XCBuildConfiguration;
			buildSettings = {
				ALWAYS_SEARCH_USER_PATHS = NO;
				CLANG_ANALYZER_LOCALIZABILITY_NONLOCALIZED = YES;
				CLANG_ANALYZER_NONNULL = YES;
				CLANG_ANALYZER_NUMBER_OBJECT_CONVERSION = YES_AGGRESSIVE;
				CLANG_CXX_LANGUAGE_STANDARD = "gnu++17";
				CLANG_ENABLE_MODULES = YES;
				CLANG_ENABLE_OBJC_ARC = YES;
				CLANG_ENABLE_OBJC_WEAK = YES;
				CLANG_WARN_BLOCK_CAPTURE_AUTORELEASING = YES;
				CLANG_WARN_BOOL_CONVERSION = YES;
				CLANG_WARN_COMMA = YES;
				CLANG_WARN_CONSTANT_CONVERSION = YES;
				CLANG_WARN_DEPRECATED_OBJC_IMPLEMENTATIONS = YES;
				CLANG_WARN_DIRECT_OBJC_ISA_USAGE = YES_ERROR;
				CLANG_WARN_DOCUMENTATION_COMMENTS = YES;
				CLANG_WARN_EMPTY_BODY = YES;
				CLANG_WARN_ENUM_CONVERSION = YES;
				CLANG_WARN_INFINITE_RECURSION = YES;
				CLANG_WARN_INT_CONVERSION = YES;
				CLANG_WARN_NON_LITERAL_NULL_CONVERSION = YES;
				CLANG_WARN_OBJC_IMPLICIT_RETAIN_SELF = YES;
				CLANG_WARN_OBJC_LITERAL_CONVERSION = YES;
				CLANG_WARN_OBJC_ROOT_CLASS = YES_ERROR;
				CLANG_WARN_QUOTED_INCLUDE_IN_FRAMEWORK_HEADER = YES;
				CLANG_WARN_RANGE_LOOP_ANALYSIS = YES;
				CLANG_WARN_STRICT_PROTOTYPES = YES;
				CLANG_WARN_SUSPICIOUS_MOVE = YES;
				CLANG_WARN_UNGUARDED_AVAILABILITY = YES_AGGRESSIVE;
				CLANG_WARN_UNREACHABLE_CODE = YES;
				CLANG_WARN__DUPLICATE_METHOD_MATCH = YES;
				COPY_PHASE_STRIP = NO;
				DEBUG_INFORMATION_FORMAT = "dwarf-with-dsym";
				ENABLE_NS_ASSERTIONS = NO;
				ENABLE_STRICT_OBJC_MSGSEND = YES;
				GCC_C_LANGUAGE_STANDARD = gnu11;
				GCC_NO_COMMON_BLOCKS = YES;
				GCC_WARN_64_TO_32_BIT_CONVERSION = YES;
				GCC_WARN_ABOUT_RETURN_TYPE = YES_ERROR;
				GCC_WARN_UNDECLARED_SELECTOR = YES;
				GCC_WARN_UNINITIALIZED_AUTOS = YES_AGGRESSIVE;
				GCC_WARN_UNUSED_FUNCTION = YES;
				GCC_WARN_UNUSED_VARIABLE = YES;
				IPHONEOS_DEPLOYMENT_TARGET = 15.4;
				MTL_ENABLE_DEBUG_INFO = NO;
				MTL_FAST_MATH = YES;
				SDKROOT = iphoneos;
				SWIFT_COMPILATION_MODE = wholemodule;
				SWIFT_OPTIMIZATION_LEVEL = "-O";
				VALIDATE_PRODUCT = YES;
			};
			name = Release;
		};
		AA228E5D283F9EE4003739F9 /* Debug */ = {
			isa = XCBuildConfiguration;
			baseConfigurationReference = 003AD119F711EF3059F3F031 /* Pods-TextArea.debug.xcconfig */;
			buildSettings = {
				ASSETCATALOG_COMPILER_APPICON_NAME = AppIcon;
				ASSETCATALOG_COMPILER_GLOBAL_ACCENT_COLOR_NAME = AccentColor;
				CODE_SIGN_STYLE = Automatic;
				CURRENT_PROJECT_VERSION = 1;
				GENERATE_INFOPLIST_FILE = YES;
				INFOPLIST_FILE = TextArea/Resource/Info.plist;
				INFOPLIST_KEY_UIApplicationSupportsIndirectInputEvents = YES;
				INFOPLIST_KEY_UILaunchStoryboardName = LaunchScreen;
				INFOPLIST_KEY_UISupportedInterfaceOrientations_iPad = "UIInterfaceOrientationPortrait UIInterfaceOrientationPortraitUpsideDown UIInterfaceOrientationLandscapeLeft UIInterfaceOrientationLandscapeRight";
				INFOPLIST_KEY_UISupportedInterfaceOrientations_iPhone = "UIInterfaceOrientationPortrait UIInterfaceOrientationLandscapeLeft UIInterfaceOrientationLandscapeRight";
				IPHONEOS_DEPLOYMENT_TARGET = 13.0;
				LD_RUNPATH_SEARCH_PATHS = (
					"$(inherited)",
					"@executable_path/Frameworks",
				);
				MARKETING_VERSION = 1.0;
				PRODUCT_BUNDLE_IDENTIFIER = MINRYUL.TextArea;
				PRODUCT_NAME = "$(TARGET_NAME)";
				SWIFT_EMIT_LOC_STRINGS = YES;
				SWIFT_VERSION = 5.0;
				TARGETED_DEVICE_FAMILY = "1,2";
			};
			name = Debug;
		};
		AA228E5E283F9EE4003739F9 /* Release */ = {
			isa = XCBuildConfiguration;
			baseConfigurationReference = BEC7965FB9F9B9536F20207C /* Pods-TextArea.release.xcconfig */;
			buildSettings = {
				ASSETCATALOG_COMPILER_APPICON_NAME = AppIcon;
				ASSETCATALOG_COMPILER_GLOBAL_ACCENT_COLOR_NAME = AccentColor;
				CODE_SIGN_STYLE = Automatic;
				CURRENT_PROJECT_VERSION = 1;
				GENERATE_INFOPLIST_FILE = YES;
				INFOPLIST_FILE = TextArea/Resource/Info.plist;
				INFOPLIST_KEY_UIApplicationSupportsIndirectInputEvents = YES;
				INFOPLIST_KEY_UILaunchStoryboardName = LaunchScreen;
				INFOPLIST_KEY_UISupportedInterfaceOrientations_iPad = "UIInterfaceOrientationPortrait UIInterfaceOrientationPortraitUpsideDown UIInterfaceOrientationLandscapeLeft UIInterfaceOrientationLandscapeRight";
				INFOPLIST_KEY_UISupportedInterfaceOrientations_iPhone = "UIInterfaceOrientationPortrait UIInterfaceOrientationLandscapeLeft UIInterfaceOrientationLandscapeRight";
				IPHONEOS_DEPLOYMENT_TARGET = 13.0;
				LD_RUNPATH_SEARCH_PATHS = (
					"$(inherited)",
					"@executable_path/Frameworks",
				);
				MARKETING_VERSION = 1.0;
				PRODUCT_BUNDLE_IDENTIFIER = MINRYUL.TextArea;
				PRODUCT_NAME = "$(TARGET_NAME)";
				SWIFT_EMIT_LOC_STRINGS = YES;
				SWIFT_VERSION = 5.0;
				TARGETED_DEVICE_FAMILY = "1,2";
			};
			name = Release;
		};
		AA228E60283F9EE4003739F9 /* Debug */ = {
			isa = XCBuildConfiguration;
			baseConfigurationReference = A8A62439A5C5AFBEC521C7BF /* Pods-TextAreaTests.debug.xcconfig */;
			buildSettings = {
				ALWAYS_EMBED_SWIFT_STANDARD_LIBRARIES = YES;
				BUNDLE_LOADER = "$(TEST_HOST)";
				CODE_SIGN_STYLE = Automatic;
				CURRENT_PROJECT_VERSION = 1;
				GENERATE_INFOPLIST_FILE = YES;
				IPHONEOS_DEPLOYMENT_TARGET = 15.4;
				MARKETING_VERSION = 1.0;
				PRODUCT_BUNDLE_IDENTIFIER = MINRYUL.TextAreaTests;
				PRODUCT_NAME = "$(TARGET_NAME)";
				SWIFT_EMIT_LOC_STRINGS = NO;
				SWIFT_VERSION = 5.0;
				TARGETED_DEVICE_FAMILY = "1,2";
				TEST_HOST = "$(BUILT_PRODUCTS_DIR)/TextArea.app/TextArea";
			};
			name = Debug;
		};
		AA228E61283F9EE4003739F9 /* Release */ = {
			isa = XCBuildConfiguration;
			baseConfigurationReference = 28C9AE80BFE5F13C022869DD /* Pods-TextAreaTests.release.xcconfig */;
			buildSettings = {
				ALWAYS_EMBED_SWIFT_STANDARD_LIBRARIES = YES;
				BUNDLE_LOADER = "$(TEST_HOST)";
				CODE_SIGN_STYLE = Automatic;
				CURRENT_PROJECT_VERSION = 1;
				GENERATE_INFOPLIST_FILE = YES;
				IPHONEOS_DEPLOYMENT_TARGET = 15.4;
				MARKETING_VERSION = 1.0;
				PRODUCT_BUNDLE_IDENTIFIER = MINRYUL.TextAreaTests;
				PRODUCT_NAME = "$(TARGET_NAME)";
				SWIFT_EMIT_LOC_STRINGS = NO;
				SWIFT_VERSION = 5.0;
				TARGETED_DEVICE_FAMILY = "1,2";
				TEST_HOST = "$(BUILT_PRODUCTS_DIR)/TextArea.app/TextArea";
			};
			name = Release;
		};
		AA228E63283F9EE4003739F9 /* Debug */ = {
			isa = XCBuildConfiguration;
			baseConfigurationReference = 1EEA3803AA4F057169294D3E /* Pods-TextArea-TextAreaUITests.debug.xcconfig */;
			buildSettings = {
				ALWAYS_EMBED_SWIFT_STANDARD_LIBRARIES = YES;
				CODE_SIGN_STYLE = Automatic;
				CURRENT_PROJECT_VERSION = 1;
				GENERATE_INFOPLIST_FILE = YES;
				MARKETING_VERSION = 1.0;
				PRODUCT_BUNDLE_IDENTIFIER = MINRYUL.TextAreaUITests;
				PRODUCT_NAME = "$(TARGET_NAME)";
				SWIFT_EMIT_LOC_STRINGS = NO;
				SWIFT_VERSION = 5.0;
				TARGETED_DEVICE_FAMILY = "1,2";
				TEST_TARGET_NAME = TextArea;
			};
			name = Debug;
		};
		AA228E64283F9EE4003739F9 /* Release */ = {
			isa = XCBuildConfiguration;
			baseConfigurationReference = 176EB6638335C2015E340A6E /* Pods-TextArea-TextAreaUITests.release.xcconfig */;
			buildSettings = {
				ALWAYS_EMBED_SWIFT_STANDARD_LIBRARIES = YES;
				CODE_SIGN_STYLE = Automatic;
				CURRENT_PROJECT_VERSION = 1;
				GENERATE_INFOPLIST_FILE = YES;
				MARKETING_VERSION = 1.0;
				PRODUCT_BUNDLE_IDENTIFIER = MINRYUL.TextAreaUITests;
				PRODUCT_NAME = "$(TARGET_NAME)";
				SWIFT_EMIT_LOC_STRINGS = NO;
				SWIFT_VERSION = 5.0;
				TARGETED_DEVICE_FAMILY = "1,2";
				TEST_TARGET_NAME = TextArea;
			};
			name = Release;
		};
/* End XCBuildConfiguration section */

/* Begin XCConfigurationList section */
		AA228E2D283F9EE3003739F9 /* Build configuration list for PBXProject "TextArea" */ = {
			isa = XCConfigurationList;
			buildConfigurations = (
				AA228E5A283F9EE4003739F9 /* Debug */,
				AA228E5B283F9EE4003739F9 /* Release */,
			);
			defaultConfigurationIsVisible = 0;
			defaultConfigurationName = Release;
		};
		AA228E5C283F9EE4003739F9 /* Build configuration list for PBXNativeTarget "TextArea" */ = {
			isa = XCConfigurationList;
			buildConfigurations = (
				AA228E5D283F9EE4003739F9 /* Debug */,
				AA228E5E283F9EE4003739F9 /* Release */,
			);
			defaultConfigurationIsVisible = 0;
			defaultConfigurationName = Release;
		};
		AA228E5F283F9EE4003739F9 /* Build configuration list for PBXNativeTarget "TextAreaTests" */ = {
			isa = XCConfigurationList;
			buildConfigurations = (
				AA228E60283F9EE4003739F9 /* Debug */,
				AA228E61283F9EE4003739F9 /* Release */,
			);
			defaultConfigurationIsVisible = 0;
			defaultConfigurationName = Release;
		};
		AA228E62283F9EE4003739F9 /* Build configuration list for PBXNativeTarget "TextAreaUITests" */ = {
			isa = XCConfigurationList;
			buildConfigurations = (
				AA228E63283F9EE4003739F9 /* Debug */,
				AA228E64283F9EE4003739F9 /* Release */,
			);
			defaultConfigurationIsVisible = 0;
			defaultConfigurationName = Release;
		};
/* End XCConfigurationList section */
	};
	rootObject = AA228E2A283F9EE3003739F9 /* Project object */;
}
